version: 6
environments:
  default:
    channels:
    - url: https://conda.anaconda.org/conda-forge/
    packages:
      linux-64:
      - conda: https://conda.anaconda.org/conda-forge/linux-64/_libgcc_mutex-0.1-conda_forge.tar.bz2
      - conda: https://conda.anaconda.org/conda-forge/linux-64/_openmp_mutex-4.5-2_gnu.tar.bz2
      - conda: https://conda.anaconda.org/conda-forge/linux-64/binutils-2.40-h4852527_7.conda
      - conda: https://conda.anaconda.org/conda-forge/linux-64/binutils_impl_linux-64-2.40-ha1999f0_7.conda
      - conda: https://conda.anaconda.org/conda-forge/linux-64/binutils_linux-64-2.40-hb3c18ed_4.conda
      - conda: https://conda.anaconda.org/conda-forge/linux-64/c-compiler-1.5.2-h0b41bf4_0.conda
      - conda: https://conda.anaconda.org/conda-forge/linux-64/cxx-compiler-1.5.2-hf52228f_0.conda
      - conda: https://conda.anaconda.org/conda-forge/linux-64/gcc-11.4.0-h602e360_13.conda
      - conda: https://conda.anaconda.org/conda-forge/linux-64/gcc_impl_linux-64-11.4.0-h00c12a0_13.conda
      - conda: https://conda.anaconda.org/conda-forge/linux-64/gcc_linux-64-11.4.0-ha077dfb_4.conda
      - conda: https://conda.anaconda.org/conda-forge/linux-64/gxx-11.4.0-h602e360_13.conda
      - conda: https://conda.anaconda.org/conda-forge/linux-64/gxx_impl_linux-64-11.4.0-h634f3ee_13.conda
      - conda: https://conda.anaconda.org/conda-forge/linux-64/gxx_linux-64-11.4.0-h35bfe5d_4.conda
      - conda: https://conda.anaconda.org/conda-forge/noarch/kernel-headers_linux-64-4.18.0-he073ed8_8.conda
      - conda: https://conda.anaconda.org/conda-forge/linux-64/ld_impl_linux-64-2.40-hf3520f5_7.conda
      - conda: https://conda.anaconda.org/conda-forge/linux-64/libgcc-15.1.0-h767d61c_3.conda
      - conda: https://conda.anaconda.org/conda-forge/noarch/libgcc-devel_linux-64-11.4.0-h8f596e0_113.conda
      - conda: https://conda.anaconda.org/conda-forge/linux-64/libgcc-ng-15.1.0-h69a702a_3.conda
      - conda: https://conda.anaconda.org/conda-forge/linux-64/libgomp-15.1.0-h767d61c_3.conda
      - conda: https://conda.anaconda.org/conda-forge/linux-64/libsanitizer-11.4.0-h5763a12_13.conda
      - conda: https://conda.anaconda.org/conda-forge/linux-64/libstdcxx-15.1.0-h8f9b012_3.conda
      - conda: https://conda.anaconda.org/conda-forge/noarch/libstdcxx-devel_linux-64-11.4.0-h8f596e0_113.conda
      - conda: https://conda.anaconda.org/conda-forge/linux-64/libstdcxx-ng-15.1.0-h4852527_3.conda
      - conda: https://conda.anaconda.org/conda-forge/noarch/sysroot_linux-64-2.28-h4ee821c_8.conda
      - conda: https://conda.anaconda.org/conda-forge/noarch/tzdata-2025b-h78e105d_0.conda
packages:
- conda: https://conda.anaconda.org/conda-forge/linux-64/_libgcc_mutex-0.1-conda_forge.tar.bz2
  sha256: fe51de6107f9edc7aa4f786a70f4a883943bc9d39b3bb7307c04c41410990726
  md5: d7c89558ba9fa0495403155b64376d81
  license: None
  size: 2562
  timestamp: 1578324546067
- conda: https://conda.anaconda.org/conda-forge/linux-64/_openmp_mutex-4.5-2_gnu.tar.bz2
  build_number: 16
  sha256: fbe2c5e56a653bebb982eda4876a9178aedfc2b545f25d0ce9c4c0b508253d22
  md5: 73aaf86a425cc6e73fcf236a5a46396d
  depends:
  - _libgcc_mutex 0.1 conda_forge
  - libgomp >=7.5.0
  constrains:
  - openmp_impl 9999
  license: BSD-3-Clause
  license_family: BSD
  size: 23621
  timestamp: 1650670423406
- conda: https://conda.anaconda.org/conda-forge/linux-64/binutils-2.40-h4852527_7.conda
  sha256: 75d7f5cda999fe1efe9f1de1be2d3e4ce32b20cbf97d1ef7b770e2e90c062858
  md5: df53aa8418f8c289ae9b9665986034f8
  depends:
  - binutils_impl_linux-64 >=2.40,<2.41.0a0
  license: GPL-3.0-only
  license_family: GPL
  size: 31696
  timestamp: 1718625692046
- conda: https://conda.anaconda.org/conda-forge/linux-64/binutils_impl_linux-64-2.40-ha1999f0_7.conda
  sha256: 230f3136d17fdcf0e6da3a3ae59118570bc18106d79dd29bf2f341338d2a42c4
  md5: 3f840c7ed70a96b5ebde8044b2f36f32
  depends:
  - ld_impl_linux-64 2.40 hf3520f5_7
  - sysroot_linux-64
  license: GPL-3.0-only
  license_family: GPL
  size: 6250821
  timestamp: 1718625666382
- conda: https://conda.anaconda.org/conda-forge/linux-64/binutils_linux-64-2.40-hb3c18ed_4.conda
  sha256: 4ddb8c7c0d42f4efe673cce579f66e8b2644a257d3aa935f9ab7b69c525d4485
  md5: 19286994c03c5207a70c7cfabe294570
  depends:
  - binutils_impl_linux-64 2.40.*
  - sysroot_linux-64
  license: BSD-3-Clause
  license_family: BSD
  size: 29029
  timestamp: 1717999138247
- conda: https://conda.anaconda.org/conda-forge/linux-64/c-compiler-1.5.2-h0b41bf4_0.conda
  sha256: fe4c0080648c3448939919ddc49339cd8e250124b69a518e66ef6989794fa58a
  md5: 69afb4e35be6366c2c1f9ed7f49bc3e6
  depends:
  - binutils
  - gcc
  - gcc_linux-64 11.*
  license: BSD
  size: 5812
  timestamp: 1670951514202
- conda: https://conda.anaconda.org/conda-forge/linux-64/cxx-compiler-1.5.2-hf52228f_0.conda
  sha256: c6916082ea28b905dd59d4b6b5b07be413a3a5a814193df43c28101e4d29a7fc
  md5: 6b3b19e359824b97df7145c8c878c8be
  depends:
  - c-compiler 1.5.2 h0b41bf4_0
  - gxx
  - gxx_linux-64 11.*
  license: BSD
  size: 5782
  timestamp: 1670951518183
- conda: https://conda.anaconda.org/conda-forge/linux-64/gcc-11.4.0-h602e360_13.conda
  sha256: 34fc2b2a32d4dc96de68012df13a39d1afd2e7fa2ad6eee71e71c0f45e616912
  md5: 4ec3797a424877eb56910c12f92480d7
  depends:
  - gcc_impl_linux-64 11.4.0.*
  license: BSD-3-Clause
  license_family: BSD
  size: 50247
  timestamp: 1719178517505
- conda: https://conda.anaconda.org/conda-forge/linux-64/gcc_impl_linux-64-11.4.0-h00c12a0_13.conda
  sha256: 92d19dcacde45abe3011d559d34db72f5d038ad2e78b5d6ea54ff3819a26f244
  md5: 84a8282b1e54ec4db2855069a917680d
  depends:
  - binutils_impl_linux-64 >=2.40
  - libgcc-devel_linux-64 11.4.0 h8f596e0_113
  - libgcc-ng >=11.4.0
  - libgomp >=11.4.0
  - libsanitizer 11.4.0 h5763a12_13
  - libstdcxx-ng >=11.4.0
  - sysroot_linux-64
  license: GPL-3.0-only WITH GCC-exception-3.1
  license_family: GPL
  size: 55558644
  timestamp: 1719178423187
- conda: https://conda.anaconda.org/conda-forge/linux-64/gcc_linux-64-11.4.0-ha077dfb_4.conda
  sha256: 31bbd2d6d89ba6b371a341ff0abe3ad86b40652c86420d74bc8a44feb47323f7
  md5: 4486720bf24fecb4a21ab3840433411f
  depends:
  - binutils_linux-64 2.40 hb3c18ed_4
  - gcc_impl_linux-64 11.4.0.*
  - sysroot_linux-64
  license: BSD-3-Clause
  license_family: BSD
  size: 31262
  timestamp: 1717999560626
- conda: https://conda.anaconda.org/conda-forge/linux-64/gxx-11.4.0-h602e360_13.conda
  sha256: ff539ef20255cfb57c9a36d01aac2ebad783f69399a2908de1222c0ba542ce36
  md5: 88c169cb8305ee14fd9a4d76a4824572
  depends:
  - gcc 11.4.0.*
  - gxx_impl_linux-64 11.4.0.*
  license: BSD-3-Clause
  license_family: BSD
  size: 49758
  timestamp: 1719178623215
- conda: https://conda.anaconda.org/conda-forge/linux-64/gxx_impl_linux-64-11.4.0-h634f3ee_13.conda
  sha256: ba6cd472e28268a6de1d4af74bafd9034789c132b15c38e727900fe6b85ebdb7
  md5: aa66d62e50aba20923e0c0121145fcbf
  depends:
  - gcc_impl_linux-64 11.4.0 h00c12a0_13
  - libstdcxx-devel_linux-64 11.4.0 h8f596e0_113
  - sysroot_linux-64
  license: GPL-3.0-only WITH GCC-exception-3.1
  license_family: GPL
  size: 11702935
  timestamp: 1719178592572
- conda: https://conda.anaconda.org/conda-forge/linux-64/gxx_linux-64-11.4.0-h35bfe5d_4.conda
  sha256: bc55c16382edde80880d1f4802ceaf460f259d20cd44156749e6e7f91ef19b7a
  md5: a3b2fe00ce0def24b147d08db9ac0bde
  depends:
  - binutils_linux-64 2.40 hb3c18ed_4
  - gcc_linux-64 11.4.0 ha077dfb_4
  - gxx_impl_linux-64 11.4.0.*
  - sysroot_linux-64
  license: BSD-3-Clause
  license_family: BSD
  size: 29582
  timestamp: 1717999588172
- conda: https://conda.anaconda.org/conda-forge/noarch/kernel-headers_linux-64-4.18.0-he073ed8_8.conda
  sha256: 305c22a251db227679343fd73bfde121e555d466af86e537847f4c8b9436be0d
  md5: ff007ab0f0fdc53d245972bba8a6d40c
  constrains:
  - sysroot_linux-64 ==2.28
  license: LGPL-2.0-or-later AND LGPL-2.0-or-later WITH exceptions AND GPL-2.0-or-later
  license_family: GPL
  size: 1272697
  timestamp: 1752669126073
- conda: https://conda.anaconda.org/conda-forge/linux-64/ld_impl_linux-64-2.40-hf3520f5_7.conda
  sha256: 764b6950aceaaad0c67ef925417594dd14cd2e22fff864aeef455ac259263d15
  md5: b80f2f396ca2c28b8c14c437a4ed1e74
  constrains:
  - binutils_impl_linux-64 2.40
  license: GPL-3.0-only
  license_family: GPL
  size: 707602
  timestamp: 1718625640445
- conda: https://conda.anaconda.org/conda-forge/linux-64/libgcc-15.1.0-h767d61c_3.conda
  sha256: 59a87161212abe8acc57d318b0cc8636eb834cdfdfddcf1f588b5493644b39a3
  md5: 9e60c55e725c20d23125a5f0dd69af5d
  depends:
  - __glibc >=2.17,<3.0.a0
  - _openmp_mutex >=4.5
  constrains:
  - libgcc-ng ==15.1.0=*_3
  - libgomp 15.1.0 h767d61c_3
  license: GPL-3.0-only WITH GCC-exception-3.1
  license_family: GPL
  size: 824921
  timestamp: 1750808216066
- conda: https://conda.anaconda.org/conda-forge/noarch/libgcc-devel_linux-64-11.4.0-h8f596e0_113.conda
  sha256: 45fe07880c918baf144377abfdaf0d409617ceb1758f28e022e83615b9f67863
  md5: 8e1973bcc2b9405e80ed0cad1b9bd607
  depends:
  - __unix
  license: GPL-3.0-only WITH GCC-exception-3.1
  license_family: GPL
  size: 2451854
  timestamp: 1719178273409
- conda: https://conda.anaconda.org/conda-forge/linux-64/libgcc-ng-15.1.0-h69a702a_3.conda
  sha256: b0b0a5ee6ce645a09578fc1cb70c180723346f8a45fdb6d23b3520591c6d6996
  md5: e66f2b8ad787e7beb0f846e4bd7e8493
  depends:
  - libgcc 15.1.0 h767d61c_3
  license: GPL-3.0-only WITH GCC-exception-3.1
  license_family: GPL
  size: 29033
  timestamp: 1750808224854
- conda: https://conda.anaconda.org/conda-forge/linux-64/libgomp-15.1.0-h767d61c_3.conda
  sha256: 43710ab4de0cd7ff8467abff8d11e7bb0e36569df04ce1c099d48601818f11d1
  md5: 3cd1a7238a0dd3d0860fdefc496cc854
  depends:
  - __glibc >=2.17,<3.0.a0
  license: GPL-3.0-only WITH GCC-exception-3.1
  license_family: GPL
  size: 447068
  timestamp: 1750808138400
- conda: https://conda.anaconda.org/conda-forge/linux-64/libsanitizer-11.4.0-h5763a12_13.conda
  sha256: c565078a650e3bab45b63d43c34cea10b1169560547d032a04297560849c362e
  md5: 2c5415ef0640355a2154ebdd8494dc05
  depends:
  - libgcc-ng >=11.4.0
  - libstdcxx-ng >=11.4.0
  license: GPL-3.0-only WITH GCC-exception-3.1
  license_family: GPL
  size: 3694079
  timestamp: 1719178384870
- conda: https://conda.anaconda.org/conda-forge/linux-64/libstdcxx-15.1.0-h8f9b012_3.conda
  sha256: 7650837344b7850b62fdba02155da0b159cf472b9ab59eb7b472f7bd01dff241
  md5: 6d11a5edae89fe413c0569f16d308f5a
  depends:
  - __glibc >=2.17,<3.0.a0
  - libgcc 15.1.0 h767d61c_3
  license: GPL-3.0-only WITH GCC-exception-3.1
  license_family: GPL
  size: 3896407
  timestamp: 1750808251302
- conda: https://conda.anaconda.org/conda-forge/noarch/libstdcxx-devel_linux-64-11.4.0-h8f596e0_113.conda
  sha256: 3bb19ec8f159db05b94e15905eeb7e9be6400567a210213480cd33cb59afb69a
  md5: 511cb3d827a35d3030d42679d286a7cd
  depends:
  - __unix
  license: GPL-3.0-only WITH GCC-exception-3.1
  license_family: GPL
  size: 11655670
  timestamp: 1719178312465
- conda: https://conda.anaconda.org/conda-forge/linux-64/libstdcxx-ng-15.1.0-h4852527_3.conda
  sha256: bbaea1ecf973a7836f92b8ebecc94d3c758414f4de39d2cc6818a3d10cb3216b
  md5: 57541755b5a51691955012b8e197c06c
  depends:
  - libstdcxx 15.1.0 h8f9b012_3
  license: GPL-3.0-only WITH GCC-exception-3.1
  license_family: GPL
  size: 29093
  timestamp: 1750808292700
- conda: https://conda.anaconda.org/conda-forge/noarch/sysroot_linux-64-2.28-h4ee821c_8.conda
  sha256: 0053c17ffbd9f8af1a7f864995d70121c292e317804120be4667f37c92805426
  md5: 1bad93f0aa428d618875ef3a588a889e
  depends:
  - __glibc >=2.28
  - kernel-headers_linux-64 4.18.0 he073ed8_8
  - tzdata
  license: LGPL-2.0-or-later AND LGPL-2.0-or-later WITH exceptions AND GPL-2.0-or-later
  license_family: GPL
  size: 24210909
  timestamp: 1752669140965
- conda: https://conda.anaconda.org/conda-forge/noarch/tzdata-2025b-h78e105d_0.conda
  sha256: 5aaa366385d716557e365f0a4e9c3fca43ba196872abbbe3d56bb610d131e192
  md5: 4222072737ccff51314b5ece9c7d6f5a
  license: LicenseRef-Public-Domain
  size: 122968
  timestamp: 1742727099393
